
Microsoft Visual Studio Solution File, Format Version 12.00
# Visual Studio Version 16
VisualStudioVersion = 16.0.32407.337
MinimumVisualStudioVersion = 10.0.40219.1
Project("{FAE04EC0-301F-11D3-BF4B-00C04F79EFBC}") = "MVVM_RecipeHandler", "MVVM_RecipeHandler\MVVM_RecipeHandler.csproj", "{3FAFCCF5-E9AD-4C2E-9BB5-7A7A2CB8B37D}"
EndProject
Project("{FAE04EC0-301F-11D3-BF4B-00C04F79EFBC}") = "MVVM_RecipeHandler_Common", "MVVM_RecipeHandler_Common\MVVM_RecipeHandler_Common.csproj", "{DC9ED03E-57E6-4DAF-ADE7-53560A5242A0}"
EndProject
Project("{FAE04EC0-301F-11D3-BF4B-00C04F79EFBC}") = "MVVM_RecipeHandler_Models", "MVVM_RecipeHandler_Models\MVVM_RecipeHandler_Models.csproj", "{EC4BAA67-90AE-488E-B82B-23EE50404412}"
EndProject
Project("{FAE04EC0-301F-11D3-BF4B-00C04F79EFBC}") = "MVVM_RecipeHandler_EF6.0", "MVVM_RecipeHandler_EF6.0\MVVM_RecipeHandler_EF6.0.csproj", "{7FA653EE-E043-4331-98D5-D8DF9FB21111}"
EndProject
Global
	GlobalSection(SolutionConfigurationPlatforms) = preSolution
		Debug|Any CPU = Debug|Any CPU
		Release|Any CPU = Release|Any CPU
	EndGlobalSection
	GlobalSection(ProjectConfigurationPlatforms) = postSolution
		{3FAFCCF5-E9AD-4C2E-9BB5-7A7A2CB8B37D}.Debug|Any CPU.ActiveCfg = Debug|Any CPU
		{3FAFCCF5-E9AD-4C2E-9BB5-7A7A2CB8B37D}.Debug|Any CPU.Build.0 = Debug|Any CPU
		{3FAFCCF5-E9AD-4C2E-9BB5-7A7A2CB8B37D}.Release|Any CPU.ActiveCfg = Release|Any CPU
		{3FAFCCF5-E9AD-4C2E-9BB5-7A7A2CB8B37D}.Release|Any CPU.Build.0 = Release|Any CPU
		{DC9ED03E-57E6-4DAF-ADE7-53560A5242A0}.Debug|Any CPU.ActiveCfg = Debug|Any CPU
		{DC9ED03E-57E6-4DAF-ADE7-53560A5242A0}.Debug|Any CPU.Build.0 = Debug|Any CPU
		{DC9ED03E-57E6-4DAF-ADE7-53560A5242A0}.Release|Any CPU.ActiveCfg = Release|Any CPU
		{DC9ED03E-57E6-4DAF-ADE7-53560A5242A0}.Release|Any CPU.Build.0 = Release|Any CPU
		{EC4BAA67-90AE-488E-B82B-23EE50404412}.Debug|Any CPU.ActiveCfg = Debug|Any CPU
		{EC4BAA67-90AE-488E-B82B-23EE50404412}.Debug|Any CPU.Build.0 = Debug|Any CPU
		{EC4BAA67-90AE-488E-B82B-23EE50404412}.Release|Any CPU.ActiveCfg = Release|Any CPU
		{EC4BAA67-90AE-488E-B82B-23EE50404412}.Release|Any CPU.Build.0 = Release|Any CPU
		{7FA653EE-E043-4331-98D5-D8DF9FB21111}.Debug|Any CPU.ActiveCfg = Debug|Any CPU
		{7FA653EE-E043-4331-98D5-D8DF9FB21111}.Debug|Any CPU.Build.0 = Debug|Any CPU
		{7FA653EE-E043-4331-98D5-D8DF9FB21111}.Release|Any CPU.ActiveCfg = Release|Any CPU
		{7FA653EE-E043-4331-98D5-D8DF9FB21111}.Release|Any CPU.Build.0 = Release|Any CPU
	EndGlobalSection
	GlobalSection(SolutionProperties) = preSolution
		HideSolutionNode = FALSE
	EndGlobalSection
	GlobalSection(ExtensibilityGlobals) = postSolution
		SolutionGuid = {C510B9C5-9413-4F56-8DDF-348BCE395C50}
	EndGlobalSection
EndGlobal
